// !$*UTF8*$!
{
	archiveVersion = 1;
	classes = {
	};
	objectVersion = 63;
	objects = {

/* Begin PBXBuildFile section */
		36AE87862C9567EC0022EA4C /* AppDelegate.swift in Sources */ = {isa = PBXBuildFile; fileRef = 36AE87852C9567EC0022EA4C /* AppDelegate.swift */; };
		36AE87882C9567EC0022EA4C /* SceneDelegate.swift in Sources */ = {isa = PBXBuildFile; fileRef = 36AE87872C9567EC0022EA4C /* SceneDelegate.swift */; };
		36AE878A2C9567EC0022EA4C /* TodoListVC.swift in Sources */ = {isa = PBXBuildFile; fileRef = 36AE87892C9567EC0022EA4C /* TodoListVC.swift */; };
		36AE878D2C9567EC0022EA4C /* Base in Resources */ = {isa = PBXBuildFile; fileRef = 36AE878C2C9567EC0022EA4C /* Base */; };
		36AE878F2C9567EE0022EA4C /* Assets.xcassets in Resources */ = {isa = PBXBuildFile; fileRef = 36AE878E2C9567EE0022EA4C /* Assets.xcassets */; };
		36AE87922C9567EE0022EA4C /* Base in Resources */ = {isa = PBXBuildFile; fileRef = 36AE87912C9567EE0022EA4C /* Base */; };
		36C63E7B2C9B06B50024D93D /* CategoryVC.swift in Sources */ = {isa = PBXBuildFile; fileRef = 36C63E7A2C9B06B50024D93D /* CategoryVC.swift */; };
		36C63E8A2C9C185D0024D93D /* RealmSwift in Frameworks */ = {isa = PBXBuildFile; productRef = 36C63E892C9C185D0024D93D /* RealmSwift */; };
		36C63E8E2C9C1C730024D93D /* Item.swift in Sources */ = {isa = PBXBuildFile; fileRef = 36C63E8D2C9C1C730024D93D /* Item.swift */; };
		36C63E902C9C1C7C0024D93D /* Category.swift in Sources */ = {isa = PBXBuildFile; fileRef = 36C63E8F2C9C1C7C0024D93D /* Category.swift */; };
/* End PBXBuildFile section */

/* Begin PBXFileReference section */
		36AE87822C9567EC0022EA4C /* Todoish.app */ = {isa = PBXFileReference; explicitFileType = wrapper.application; includeInIndex = 0; path = Todoish.app; sourceTree = BUILT_PRODUCTS_DIR; };
		36AE87852C9567EC0022EA4C /* AppDelegate.swift */ = {isa = PBXFileReference; lastKnownFileType = sourcecode.swift; path = AppDelegate.swift; sourceTree = "<group>"; };
		36AE87872C9567EC0022EA4C /* SceneDelegate.swift */ = {isa = PBXFileReference; lastKnownFileType = sourcecode.swift; path = SceneDelegate.swift; sourceTree = "<group>"; };
		36AE87892C9567EC0022EA4C /* TodoListVC.swift */ = {isa = PBXFileReference; lastKnownFileType = sourcecode.swift; path = TodoListVC.swift; sourceTree = "<group>"; };
		36AE878C2C9567EC0022EA4C /* Base */ = {isa = PBXFileReference; lastKnownFileType = file.storyboard; name = Base; path = Base.lproj/Main.storyboard; sourceTree = "<group>"; };
		36AE878E2C9567EE0022EA4C /* Assets.xcassets */ = {isa = PBXFileReference; lastKnownFileType = folder.assetcatalog; path = Assets.xcassets; sourceTree = "<group>"; };
		36AE87912C9567EE0022EA4C /* Base */ = {isa = PBXFileReference; lastKnownFileType = file.storyboard; name = Base; path = Base.lproj/LaunchScreen.storyboard; sourceTree = "<group>"; };
		36AE87932C9567EE0022EA4C /* Info.plist */ = {isa = PBXFileReference; lastKnownFileType = text.plist.xml; path = Info.plist; sourceTree = "<group>"; };
		36C63E7A2C9B06B50024D93D /* CategoryVC.swift */ = {isa = PBXFileReference; lastKnownFileType = sourcecode.swift; path = CategoryVC.swift; sourceTree = "<group>"; };
		36C63E8D2C9C1C730024D93D /* Item.swift */ = {isa = PBXFileReference; lastKnownFileType = sourcecode.swift; path = Item.swift; sourceTree = "<group>"; };
		36C63E8F2C9C1C7C0024D93D /* Category.swift */ = {isa = PBXFileReference; lastKnownFileType = sourcecode.swift; path = Category.swift; sourceTree = "<group>"; };
/* End PBXFileReference section */

/* Begin PBXFrameworksBuildPhase section */
		36AE877F2C9567EC0022EA4C /* Frameworks */ = {
			isa = PBXFrameworksBuildPhase;
			buildActionMask = 2147483647;
			files = (
				36C63E8A2C9C185D0024D93D /* RealmSwift in Frameworks */,
			);
			runOnlyForDeploymentPostprocessing = 0;
		};
/* End PBXFrameworksBuildPhase section */

/* Begin PBXGroup section */
		36AE87792C9567EC0022EA4C = {
			isa = PBXGroup;
			children = (
				36AE87842C9567EC0022EA4C /* Todoish */,
				36AE87832C9567EC0022EA4C /* Products */,
			);
			sourceTree = "<group>";
		};
		36AE87832C9567EC0022EA4C /* Products */ = {
			isa = PBXGroup;
			children = (
				36AE87822C9567EC0022EA4C /* Todoish.app */,
			);
			name = Products;
			sourceTree = "<group>";
		};
		36AE87842C9567EC0022EA4C /* Todoish */ = {
			isa = PBXGroup;
			children = (
				36AE87852C9567EC0022EA4C /* AppDelegate.swift */,
				36AE87872C9567EC0022EA4C /* SceneDelegate.swift */,
				36C63E512C981B540024D93D /* Model */,
				36C63E522C981B810024D93D /* View */,
				36C63E532C981B8F0024D93D /* Controller */,
				36AE878E2C9567EE0022EA4C /* Assets.xcassets */,
				36AE87902C9567EE0022EA4C /* LaunchScreen.storyboard */,
				36AE87932C9567EE0022EA4C /* Info.plist */,
			);
			path = Todoish;
			sourceTree = "<group>";
		};
		36C63E512C981B540024D93D /* Model */ = {
			isa = PBXGroup;
			children = (
				36C63E8F2C9C1C7C0024D93D /* Category.swift */,
				36C63E8D2C9C1C730024D93D /* Item.swift */,
			);
			path = Model;
			sourceTree = "<group>";
		};
		36C63E522C981B810024D93D /* View */ = {
			isa = PBXGroup;
			children = (
				36AE878B2C9567EC0022EA4C /* Main.storyboard */,
			);
			path = View;
			sourceTree = "<group>";
		};
		36C63E532C981B8F0024D93D /* Controller */ = {
			isa = PBXGroup;
			children = (
				36C63E7A2C9B06B50024D93D /* CategoryVC.swift */,
				36AE87892C9567EC0022EA4C /* TodoListVC.swift */,
			);
			path = Controller;
			sourceTree = "<group>";
		};
/* End PBXGroup section */

/* Begin PBXNativeTarget section */
		36AE87812C9567EC0022EA4C /* Todoish */ = {
			isa = PBXNativeTarget;
			buildConfigurationList = 36AE87962C9567EE0022EA4C /* Build configuration list for PBXNativeTarget "Todoish" */;
			buildPhases = (
				36AE877E2C9567EC0022EA4C /* Sources */,
				36AE877F2C9567EC0022EA4C /* Frameworks */,
				36AE87802C9567EC0022EA4C /* Resources */,
			);
			buildRules = (
			);
			dependencies = (
			);
			name = Todoish;
			packageProductDependencies = (
				36C63E892C9C185D0024D93D /* RealmSwift */,
			);
			productName = Todoish;
			productReference = 36AE87822C9567EC0022EA4C /* Todoish.app */;
			productType = "com.apple.product-type.application";
		};
/* End PBXNativeTarget section */

/* Begin PBXProject section */
		36AE877A2C9567EC0022EA4C /* Project object */ = {
			isa = PBXProject;
			attributes = {
				BuildIndependentTargetsInParallel = 1;
				LastSwiftUpdateCheck = 1540;
				LastUpgradeCheck = 1540;
				TargetAttributes = {
					36AE87812C9567EC0022EA4C = {
						CreatedOnToolsVersion = 15.4;
					};
				};
			};
			buildConfigurationList = 36AE877D2C9567EC0022EA4C /* Build configuration list for PBXProject "Todoish" */;
			compatibilityVersion = "Xcode 15.3";
			developmentRegion = en;
			hasScannedForEncodings = 0;
			knownRegions = (
				en,
				Base,
			);
			mainGroup = 36AE87792C9567EC0022EA4C;
			packageReferences = (
				36C63E882C9C185D0024D93D /* XCRemoteSwiftPackageReference "realm-swift" */,
			);
			productRefGroup = 36AE87832C9567EC0022EA4C /* Products */;
			projectDirPath = "";
			projectRoot = "";
			targets = (
				36AE87812C9567EC0022EA4C /* Todoish */,
			);
		};
/* End PBXProject section */

/* Begin PBXResourcesBuildPhase section */
		36AE87802C9567EC0022EA4C /* Resources */ = {
			isa = PBXResourcesBuildPhase;
			buildActionMask = 2147483647;
			files = (
				36AE878F2C9567EE0022EA4C /* Assets.xcassets in Resources */,
				36AE87922C9567EE0022EA4C /* Base in Resources */,
				36AE878D2C9567EC0022EA4C /* Base in Resources */,
			);
			runOnlyForDeploymentPostprocessing = 0;
		};
/* End PBXResourcesBuildPhase section */

/* Begin PBXSourcesBuildPhase section */
		36AE877E2C9567EC0022EA4C /* Sources */ = {
			isa = PBXSourcesBuildPhase;
			buildActionMask = 2147483647;
			files = (
				36C63E7B2C9B06B50024D93D /* CategoryVC.swift in Sources */,
				36AE878A2C9567EC0022EA4C /* TodoListVC.swift in Sources */,
				36AE87862C9567EC0022EA4C /* AppDelegate.swift in Sources */,
				36C63E8E2C9C1C730024D93D /* Item.swift in Sources */,
				36AE87882C9567EC0022EA4C /* SceneDelegate.swift in Sources */,
				36C63E902C9C1C7C0024D93D /* Category.swift in Sources */,
			);
			runOnlyForDeploymentPostprocessing = 0;
		};
/* End PBXSourcesBuildPhase section */

/* Begin PBXVariantGroup section */
		36AE878B2C9567EC0022EA4C /* Main.storyboard */ = {
			isa = PBXVariantGroup;
			children = (
				36AE878C2C9567EC0022EA4C /* Base */,
			);
			name = Main.storyboard;
			sourceTree = "<group>";
		};
		36AE87902C9567EE0022EA4C /* LaunchScreen.storyboard */ = {
			isa = PBXVariantGroup;
			children = (
				36AE87912C9567EE0022EA4C /* Base */,
			);
			name = LaunchScreen.storyboard;
			sourceTree = "<group>";
		};
/* End PBXVariantGroup section */

/* Begin XCBuildConfiguration section */
		36AE87942C9567EE0022EA4C /* Debug */ = {
			isa = XCBuildConfiguration;
			buildSettings = {
				ALWAYS_SEARCH_USER_PATHS = NO;
				ASSETCATALOG_COMPILER_GENERATE_SWIFT_ASSET_SYMBOL_EXTENSIONS = YES;
				CLANG_ANALYZER_NONNULL = YES;
				CLANG_ANALYZER_NUMBER_OBJECT_CONVERSION = YES_AGGRESSIVE;
				CLANG_CXX_LANGUAGE_STANDARD = "gnu++20";
				CLANG_ENABLE_MODULES = YES;
				CLANG_ENABLE_OBJC_ARC = YES;
				CLANG_ENABLE_OBJC_WEAK = YES;
				CLANG_WARN_BLOCK_CAPTURE_AUTORELEASING = YES;
				CLANG_WARN_BOOL_CONVERSION = YES;
				CLANG_WARN_COMMA = YES;
				CLANG_WARN_CONSTANT_CONVERSION = YES;
				CLANG_WARN_DEPRECATED_OBJC_IMPLEMENTATIONS = YES;
				CLANG_WARN_DIRECT_OBJC_ISA_USAGE = YES_ERROR;
				CLANG_WARN_DOCUMENTATION_COMMENTS = YES;
				CLANG_WARN_EMPTY_BODY = YES;
				CLANG_WARN_ENUM_CONVERSION = YES;
				CLANG_WARN_INFINITE_RECURSION = YES;
				CLANG_WARN_INT_CONVERSION = YES;
				CLANG_WARN_NON_LITERAL_NULL_CONVERSION = YES;
				CLANG_WARN_OBJC_IMPLICIT_RETAIN_SELF = YES;
				CLANG_WARN_OBJC_LITERAL_CONVERSION = YES;
				CLANG_WARN_OBJC_ROOT_CLASS = YES_ERROR;
				CLANG_WARN_QUOTED_INCLUDE_IN_FRAMEWORK_HEADER = YES;
				CLANG_WARN_RANGE_LOOP_ANALYSIS = YES;
				CLANG_WARN_STRICT_PROTOTYPES = YES;
				CLANG_WARN_SUSPICIOUS_MOVE = YES;
				CLANG_WARN_UNGUARDED_AVAILABILITY = YES_AGGRESSIVE;
				CLANG_WARN_UNREACHABLE_CODE = YES;
				CLANG_WARN__DUPLICATE_METHOD_MATCH = YES;
				COPY_PHASE_STRIP = NO;
				DEBUG_INFORMATION_FORMAT = dwarf;
				ENABLE_STRICT_OBJC_MSGSEND = YES;
				ENABLE_TESTABILITY = YES;
				ENABLE_USER_SCRIPT_SANDBOXING = YES;
				GCC_C_LANGUAGE_STANDARD = gnu17;
				GCC_DYNAMIC_NO_PIC = NO;
				GCC_NO_COMMON_BLOCKS = YES;
				GCC_OPTIMIZATION_LEVEL = 0;
				GCC_PREPROCESSOR_DEFINITIONS = (
					"DEBUG=1",
					"$(inherited)",
				);
				GCC_WARN_64_TO_32_BIT_CONVERSION = YES;
				GCC_WARN_ABOUT_RETURN_TYPE = YES_ERROR;
				GCC_WARN_UNDECLARED_SELECTOR = YES;
				GCC_WARN_UNINITIALIZED_AUTOS = YES_AGGRESSIVE;
				GCC_WARN_UNUSED_FUNCTION = YES;
				GCC_WARN_UNUSED_VARIABLE = YES;
				IPHONEOS_DEPLOYMENT_TARGET = 17.5;
				LOCALIZATION_PREFERS_STRING_CATALOGS = YES;
				MTL_ENABLE_DEBUG_INFO = INCLUDE_SOURCE;
				MTL_FAST_MATH = YES;
				ONLY_ACTIVE_ARCH = YES;
				SDKROOT = iphoneos;
				SWIFT_ACTIVE_COMPILATION_CONDITIONS = "DEBUG $(inherited)";
				SWIFT_OPTIMIZATION_LEVEL = "-Onone";
			};
			name = Debug;
		};
		36AE87952C9567EE0022EA4C /* Release */ = {
			isa = XCBuildConfiguration;
			buildSettings = {
				ALWAYS_SEARCH_USER_PATHS = NO;
				ASSETCATALOG_COMPILER_GENERATE_SWIFT_ASSET_SYMBOL_EXTENSIONS = YES;
				CLANG_ANALYZER_NONNULL = YES;
				CLANG_ANALYZER_NUMBER_OBJECT_CONVERSION = YES_AGGRESSIVE;
				CLANG_CXX_LANGUAGE_STANDARD = "gnu++20";
				CLANG_ENABLE_MODULES = YES;
				CLANG_ENABLE_OBJC_ARC = YES;
				CLANG_ENABLE_OBJC_WEAK = YES;
				CLANG_WARN_BLOCK_CAPTURE_AUTORELEASING = YES;
				CLANG_WARN_BOOL_CONVERSION = YES;
				CLANG_WARN_COMMA = YES;
				CLANG_WARN_CONSTANT_CONVERSION = YES;
				CLANG_WARN_DEPRECATED_OBJC_IMPLEMENTATIONS = YES;
				CLANG_WARN_DIRECT_OBJC_ISA_USAGE = YES_ERROR;
				CLANG_WARN_DOCUMENTATION_COMMENTS = YES;
				CLANG_WARN_EMPTY_BODY = YES;
				CLANG_WARN_ENUM_CONVERSION = YES;
				CLANG_WARN_INFINITE_RECURSION = YES;
				CLANG_WARN_INT_CONVERSION = YES;
				CLANG_WARN_NON_LITERAL_NULL_CONVERSION = YES;
				CLANG_WARN_OBJC_IMPLICIT_RETAIN_SELF = YES;
				CLANG_WARN_OBJC_LITERAL_CONVERSION = YES;
				CLANG_WARN_OBJC_ROOT_CLASS = YES_ERROR;
				CLANG_WARN_QUOTED_INCLUDE_IN_FRAMEWORK_HEADER = YES;
				CLANG_WARN_RANGE_LOOP_ANALYSIS = YES;
				CLANG_WARN_STRICT_PROTOTYPES = YES;
				CLANG_WARN_SUSPICIOUS_MOVE = YES;
				CLANG_WARN_UNGUARDED_AVAILABILITY = YES_AGGRESSIVE;
				CLANG_WARN_UNREACHABLE_CODE = YES;
				CLANG_WARN__DUPLICATE_METHOD_MATCH = YES;
				COPY_PHASE_STRIP = NO;
				DEBUG_INFORMATION_FORMAT = "dwarf-with-dsym";
				ENABLE_NS_ASSERTIONS = NO;
				ENABLE_STRICT_OBJC_MSGSEND = YES;
				ENABLE_USER_SCRIPT_SANDBOXING = YES;
				GCC_C_LANGUAGE_STANDARD = gnu17;
				GCC_NO_COMMON_BLOCKS = YES;
				GCC_WARN_64_TO_32_BIT_CONVERSION = YES;
				GCC_WARN_ABOUT_RETURN_TYPE = YES_ERROR;
				GCC_WARN_UNDECLARED_SELECTOR = YES;
				GCC_WARN_UNINITIALIZED_AUTOS = YES_AGGRESSIVE;
				GCC_WARN_UNUSED_FUNCTION = YES;
				GCC_WARN_UNUSED_VARIABLE = YES;
				IPHONEOS_DEPLOYMENT_TARGET = 17.5;
				LOCALIZATION_PREFERS_STRING_CATALOGS = YES;
				MTL_ENABLE_DEBUG_INFO = NO;
				MTL_FAST_MATH = YES;
				SDKROOT = iphoneos;
				SWIFT_COMPILATION_MODE = wholemodule;
				VALIDATE_PRODUCT = YES;
			};
			name = Release;
		};
		36AE87972C9567EE0022EA4C /* Debug */ = {
			isa = XCBuildConfiguration;
			buildSettings = {
				ASSETCATALOG_COMPILER_APPICON_NAME = AppIcon;
				ASSETCATALOG_COMPILER_GLOBAL_ACCENT_COLOR_NAME = AccentColor;
				CODE_SIGN_STYLE = Automatic;
				CURRENT_PROJECT_VERSION = 1;
				GENERATE_INFOPLIST_FILE = YES;
				INFOPLIST_FILE = Todoish/Info.plist;
				INFOPLIST_KEY_UIApplicationSupportsIndirectInputEvents = YES;
				INFOPLIST_KEY_UILaunchStoryboardName = LaunchScreen;
				INFOPLIST_KEY_UIMainStoryboardFile = Main;
				INFOPLIST_KEY_UISupportedInterfaceOrientations = UIInterfaceOrientationPortrait;
				INFOPLIST_KEY_UISupportedInterfaceOrientations_iPad = "UIInterfaceOrientationLandscapeLeft UIInterfaceOrientationLandscapeRight UIInterfaceOrientationPortrait UIInterfaceOrientationPortraitUpsideDown";
				IPHONEOS_DEPLOYMENT_TARGET = 15.0;
				LD_RUNPATH_SEARCH_PATHS = (
					"$(inherited)",
					"@executable_path/Frameworks",
				);
				MARKETING_VERSION = 1.0;
				PRODUCT_BUNDLE_IDENTIFIER = com.cansonmez.Todoish;
				PRODUCT_NAME = "$(TARGET_NAME)";
				SWIFT_EMIT_LOC_STRINGS = YES;
				SWIFT_VERSION = 5.0;
				TARGETED_DEVICE_FAMILY = "1,2";
			};
			name = Debug;
		};
		36AE87982C9567EE0022EA4C /* Release */ = {
			isa = XCBuildConfiguration;
			buildSettings = {
				ASSETCATALOG_COMPILER_APPICON_NAME = AppIcon;
				ASSETCATALOG_COMPILER_GLOBAL_ACCENT_COLOR_NAME = AccentColor;
				CODE_SIGN_STYLE = Automatic;
				CURRENT_PROJECT_VERSION = 1;
				GENERATE_INFOPLIST_FILE = YES;
				INFOPLIST_FILE = Todoish/Info.plist;
				INFOPLIST_KEY_UIApplicationSupportsIndirectInputEvents = YES;
				INFOPLIST_KEY_UILaunchStoryboardName = LaunchScreen;
				INFOPLIST_KEY_UIMainStoryboardFile = Main;
				INFOPLIST_KEY_UISupportedInterfaceOrientations = UIInterfaceOrientationPortrait;
				INFOPLIST_KEY_UISupportedInterfaceOrientations_iPad = "UIInterfaceOrientationLandscapeLeft UIInterfaceOrientationLandscapeRight UIInterfaceOrientationPortrait UIInterfaceOrientationPortraitUpsideDown";
				IPHONEOS_DEPLOYMENT_TARGET = 15.0;
				LD_RUNPATH_SEARCH_PATHS = (
					"$(inherited)",
					"@executable_path/Frameworks",
				);
				MARKETING_VERSION = 1.0;
				PRODUCT_BUNDLE_IDENTIFIER = com.cansonmez.Todoish;
				PRODUCT_NAME = "$(TARGET_NAME)";
				SWIFT_EMIT_LOC_STRINGS = YES;
				SWIFT_VERSION = 5.0;
				TARGETED_DEVICE_FAMILY = "1,2";
			};
			name = Release;
		};
/* End XCBuildConfiguration section */

/* Begin XCConfigurationList section */
		36AE877D2C9567EC0022EA4C /* Build configuration list for PBXProject "Todoish" */ = {
			isa = XCConfigurationList;
			buildConfigurations = (
				36AE87942C9567EE0022EA4C /* Debug */,
				36AE87952C9567EE0022EA4C /* Release */,
			);
			defaultConfigurationIsVisible = 0;
			defaultConfigurationName = Release;
		};
		36AE87962C9567EE0022EA4C /* Build configuration list for PBXNativeTarget "Todoish" */ = {
			isa = XCConfigurationList;
			buildConfigurations = (
				36AE87972C9567EE0022EA4C /* Debug */,
				36AE87982C9567EE0022EA4C /* Release */,
			);
			defaultConfigurationIsVisible = 0;
			defaultConfigurationName = Release;
		};
/* End XCConfigurationList section */

/* Begin XCRemoteSwiftPackageReference section */
		36C63E882C9C185D0024D93D /* XCRemoteSwiftPackageReference "realm-swift" */ = {
			isa = XCRemoteSwiftPackageReference;
			repositoryURL = "https://github.com/realm/realm-swift.git";
			requirement = {
				branch = master;
				kind = branch;
			};
		};
/* End XCRemoteSwiftPackageReference section */

/* Begin XCSwiftPackageProductDependency section */
		36C63E892C9C185D0024D93D /* RealmSwift */ = {
			isa = XCSwiftPackageProductDependency;
			package = 36C63E882C9C185D0024D93D /* XCRemoteSwiftPackageReference "realm-swift" */;
			productName = RealmSwift;
		};
/* End XCSwiftPackageProductDependency section */
	};
	rootObject = 36AE877A2C9567EC0022EA4C /* Project object */;
}
